
Microsoft Visual Studio Solution File, Format Version 12.00
# Visual Studio Version 17
VisualStudioVersion = 17.0.31903.59
MinimumVisualStudioVersion = 10.0.40219.1
Project("{FAE04EC0-301F-11D3-BF4B-00C04F79EFBC}") = "Diary.CLI", "Diary.CLI\Diary.CLI.csproj", "{9A339B0F-AC83-4ED1-9EFE-F1DB5B838503}"
EndProject
Project("{FAE04EC0-301F-11D3-BF4B-00C04F79EFBC}") = "Diary.Core", "Diary.Core\Diary.Core.csproj", "{3288ABC7-E97D-446F-9172-2DC312785AF9}"
EndProject
Project("{FAE04EC0-301F-11D3-BF4B-00C04F79EFBC}") = "Diary.Tests", "Diary.Tests\Diary.Tests.csproj", "{1D4ECD5C-4CE6-457B-AE71-6FE7EEC48C74}"
EndProject
Project("{FAE04EC0-301F-11D3-BF4B-00C04F79EFBC}") = "Diary.Data", "Diary.Data\Diary.Data.csproj", "{1B30D4C0-214D-4882-834B-68349367E2F6}"
EndProject
Project("{FAE04EC0-301F-11D3-BF4B-00C04F79EFBC}") = "Diary.Core.Implementation", "Diary.Core.Implementation\Diary.Core.Implementation.csproj", "{4FBA41AF-BC85-4F3D-9C81-2707915C2959}"
EndProject
Project("{FAE04EC0-301F-11D3-BF4B-00C04F79EFBC}") = "Diary.Models", "Diary.Models\Diary.Models.csproj", "{5851CE5B-6C37-4B97-A42C-A3990DBC1BBD}"
EndProject
Global
	GlobalSection(SolutionConfigurationPlatforms) = preSolution
		Debug|Any CPU = Debug|Any CPU
		Debug|x64 = Debug|x64
		Debug|x86 = Debug|x86
		Release|Any CPU = Release|Any CPU
		Release|x64 = Release|x64
		Release|x86 = Release|x86
	EndGlobalSection
	GlobalSection(ProjectConfigurationPlatforms) = postSolution
		{9A339B0F-AC83-4ED1-9EFE-F1DB5B838503}.Debug|Any CPU.ActiveCfg = Debug|Any CPU
		{9A339B0F-AC83-4ED1-9EFE-F1DB5B838503}.Debug|Any CPU.Build.0 = Debug|Any CPU
		{9A339B0F-AC83-4ED1-9EFE-F1DB5B838503}.Debug|x64.ActiveCfg = Debug|Any CPU
		{9A339B0F-AC83-4ED1-9EFE-F1DB5B838503}.Debug|x64.Build.0 = Debug|Any CPU
		{9A339B0F-AC83-4ED1-9EFE-F1DB5B838503}.Debug|x86.ActiveCfg = Debug|Any CPU
		{9A339B0F-AC83-4ED1-9EFE-F1DB5B838503}.Debug|x86.Build.0 = Debug|Any CPU
		{9A339B0F-AC83-4ED1-9EFE-F1DB5B838503}.Release|Any CPU.ActiveCfg = Release|Any CPU
		{9A339B0F-AC83-4ED1-9EFE-F1DB5B838503}.Release|Any CPU.Build.0 = Release|Any CPU
		{9A339B0F-AC83-4ED1-9EFE-F1DB5B838503}.Release|x64.ActiveCfg = Release|Any CPU
		{9A339B0F-AC83-4ED1-9EFE-F1DB5B838503}.Release|x64.Build.0 = Release|Any CPU
		{9A339B0F-AC83-4ED1-9EFE-F1DB5B838503}.Release|x86.ActiveCfg = Release|Any CPU
		{9A339B0F-AC83-4ED1-9EFE-F1DB5B838503}.Release|x86.Build.0 = Release|Any CPU
		{3288ABC7-E97D-446F-9172-2DC312785AF9}.Debug|Any CPU.ActiveCfg = Debug|Any CPU
		{3288ABC7-E97D-446F-9172-2DC312785AF9}.Debug|Any CPU.Build.0 = Debug|Any CPU
		{3288ABC7-E97D-446F-9172-2DC312785AF9}.Debug|x64.ActiveCfg = Debug|Any CPU
		{3288ABC7-E97D-446F-9172-2DC312785AF9}.Debug|x64.Build.0 = Debug|Any CPU
		{3288ABC7-E97D-446F-9172-2DC312785AF9}.Debug|x86.ActiveCfg = Debug|Any CPU
		{3288ABC7-E97D-446F-9172-2DC312785AF9}.Debug|x86.Build.0 = Debug|Any CPU
		{3288ABC7-E97D-446F-9172-2DC312785AF9}.Release|Any CPU.ActiveCfg = Release|Any CPU
		{3288ABC7-E97D-446F-9172-2DC312785AF9}.Release|Any CPU.Build.0 = Release|Any CPU
		{3288ABC7-E97D-446F-9172-2DC312785AF9}.Release|x64.ActiveCfg = Release|Any CPU
		{3288ABC7-E97D-446F-9172-2DC312785AF9}.Release|x64.Build.0 = Release|Any CPU
		{3288ABC7-E97D-446F-9172-2DC312785AF9}.Release|x86.ActiveCfg = Release|Any CPU
		{3288ABC7-E97D-446F-9172-2DC312785AF9}.Release|x86.Build.0 = Release|Any CPU
		{1D4ECD5C-4CE6-457B-AE71-6FE7EEC48C74}.Debug|Any CPU.ActiveCfg = Debug|Any CPU
		{1D4ECD5C-4CE6-457B-AE71-6FE7EEC48C74}.Debug|Any CPU.Build.0 = Debug|Any CPU
		{1D4ECD5C-4CE6-457B-AE71-6FE7EEC48C74}.Debug|x64.ActiveCfg = Debug|Any CPU
		{1D4ECD5C-4CE6-457B-AE71-6FE7EEC48C74}.Debug|x64.Build.0 = Debug|Any CPU
		{1D4ECD5C-4CE6-457B-AE71-6FE7EEC48C74}.Debug|x86.ActiveCfg = Debug|Any CPU
		{1D4ECD5C-4CE6-457B-AE71-6FE7EEC48C74}.Debug|x86.Build.0 = Debug|Any CPU
		{1D4ECD5C-4CE6-457B-AE71-6FE7EEC48C74}.Release|Any CPU.ActiveCfg = Release|Any CPU
		{1D4ECD5C-4CE6-457B-AE71-6FE7EEC48C74}.Release|Any CPU.Build.0 = Release|Any CPU
		{1D4ECD5C-4CE6-457B-AE71-6FE7EEC48C74}.Release|x64.ActiveCfg = Release|Any CPU
		{1D4ECD5C-4CE6-457B-AE71-6FE7EEC48C74}.Release|x64.Build.0 = Release|Any CPU
		{1D4ECD5C-4CE6-457B-AE71-6FE7EEC48C74}.Release|x86.ActiveCfg = Release|Any CPU
		{1D4ECD5C-4CE6-457B-AE71-6FE7EEC48C74}.Release|x86.Build.0 = Release|Any CPU
		{1B30D4C0-214D-4882-834B-68349367E2F6}.Debug|Any CPU.ActiveCfg = Debug|Any CPU
		{1B30D4C0-214D-4882-834B-68349367E2F6}.Debug|Any CPU.Build.0 = Debug|Any CPU
		{1B30D4C0-214D-4882-834B-68349367E2F6}.Debug|x64.ActiveCfg = Debug|Any CPU
		{1B30D4C0-214D-4882-834B-68349367E2F6}.Debug|x64.Build.0 = Debug|Any CPU
		{1B30D4C0-214D-4882-834B-68349367E2F6}.Debug|x86.ActiveCfg = Debug|Any CPU
		{1B30D4C0-214D-4882-834B-68349367E2F6}.Debug|x86.Build.0 = Debug|Any CPU
		{1B30D4C0-214D-4882-834B-68349367E2F6}.Release|Any CPU.ActiveCfg = Release|Any CPU
		{1B30D4C0-214D-4882-834B-68349367E2F6}.Release|Any CPU.Build.0 = Release|Any CPU
		{1B30D4C0-214D-4882-834B-68349367E2F6}.Release|x64.ActiveCfg = Release|Any CPU
		{1B30D4C0-214D-4882-834B-68349367E2F6}.Release|x64.Build.0 = Release|Any CPU
		{1B30D4C0-214D-4882-834B-68349367E2F6}.Release|x86.ActiveCfg = Release|Any CPU
		{1B30D4C0-214D-4882-834B-68349367E2F6}.Release|x86.Build.0 = Release|Any CPU
		{4FBA41AF-BC85-4F3D-9C81-2707915C2959}.Debug|Any CPU.ActiveCfg = Debug|Any CPU
		{4FBA41AF-BC85-4F3D-9C81-2707915C2959}.Debug|Any CPU.Build.0 = Debug|Any CPU
		{4FBA41AF-BC85-4F3D-9C81-2707915C2959}.Debug|x64.ActiveCfg = Debug|Any CPU
		{4FBA41AF-BC85-4F3D-9C81-2707915C2959}.Debug|x64.Build.0 = Debug|Any CPU
		{4FBA41AF-BC85-4F3D-9C81-2707915C2959}.Debug|x86.ActiveCfg = Debug|Any CPU
		{4FBA41AF-BC85-4F3D-9C81-2707915C2959}.Debug|x86.Build.0 = Debug|Any CPU
		{4FBA41AF-BC85-4F3D-9C81-2707915C2959}.Release|Any CPU.ActiveCfg = Release|Any CPU
		{4FBA41AF-BC85-4F3D-9C81-2707915C2959}.Release|Any CPU.Build.0 = Release|Any CPU
		{4FBA41AF-BC85-4F3D-9C81-2707915C2959}.Release|x64.ActiveCfg = Release|Any CPU
		{4FBA41AF-BC85-4F3D-9C81-2707915C2959}.Release|x64.Build.0 = Release|Any CPU
		{4FBA41AF-BC85-4F3D-9C81-2707915C2959}.Release|x86.ActiveCfg = Release|Any CPU
		{4FBA41AF-BC85-4F3D-9C81-2707915C2959}.Release|x86.Build.0 = Release|Any CPU
		{5851CE5B-6C37-4B97-A42C-A3990DBC1BBD}.Debug|Any CPU.ActiveCfg = Debug|Any CPU
		{5851CE5B-6C37-4B97-A42C-A3990DBC1BBD}.Debug|Any CPU.Build.0 = Debug|Any CPU
		{5851CE5B-6C37-4B97-A42C-A3990DBC1BBD}.Debug|x64.ActiveCfg = Debug|Any CPU
		{5851CE5B-6C37-4B97-A42C-A3990DBC1BBD}.Debug|x64.Build.0 = Debug|Any CPU
		{5851CE5B-6C37-4B97-A42C-A3990DBC1BBD}.Debug|x86.ActiveCfg = Debug|Any CPU
		{5851CE5B-6C37-4B97-A42C-A3990DBC1BBD}.Debug|x86.Build.0 = Debug|Any CPU
		{5851CE5B-6C37-4B97-A42C-A3990DBC1BBD}.Release|Any CPU.ActiveCfg = Release|Any CPU
		{5851CE5B-6C37-4B97-A42C-A3990DBC1BBD}.Release|Any CPU.Build.0 = Release|Any CPU
		{5851CE5B-6C37-4B97-A42C-A3990DBC1BBD}.Release|x64.ActiveCfg = Release|Any CPU
		{5851CE5B-6C37-4B97-A42C-A3990DBC1BBD}.Release|x64.Build.0 = Release|Any CPU
		{5851CE5B-6C37-4B97-A42C-A3990DBC1BBD}.Release|x86.ActiveCfg = Release|Any CPU
		{5851CE5B-6C37-4B97-A42C-A3990DBC1BBD}.Release|x86.Build.0 = Release|Any CPU
	EndGlobalSection
	GlobalSection(SolutionProperties) = preSolution
		HideSolutionNode = FALSE
	EndGlobalSection
EndGlobal
